
Microsoft Visual Studio Solution File, Format Version 12.00
# Visual Studio Version 16
VisualStudioVersion = 16.0.30114.105
MinimumVisualStudioVersion = 10.0.40219.1
Project("{FAE04EC0-301F-11D3-BF4B-00C04F79EFBC}") = "Prueba.Common", "Prueba.Common\Prueba.Common.csproj", "{685F8B6E-698E-402F-A706-4EC229B03D9E}"
EndProject
Project("{FAE04EC0-301F-11D3-BF4B-00C04F79EFBC}") = "Preueba.Web", "Preueba.Web\Preueba.Web.csproj", "{33AA05CB-A2EE-4FA1-8BB0-6705D0F3E326}"
EndProject
Global
	GlobalSection(SolutionConfigurationPlatforms) = preSolution
		Debug|Any CPU = Debug|Any CPU
		Release|Any CPU = Release|Any CPU
	EndGlobalSection
	GlobalSection(ProjectConfigurationPlatforms) = postSolution
		{685F8B6E-698E-402F-A706-4EC229B03D9E}.Debug|Any CPU.ActiveCfg = Debug|Any CPU
		{685F8B6E-698E-402F-A706-4EC229B03D9E}.Debug|Any CPU.Build.0 = Debug|Any CPU
		{685F8B6E-698E-402F-A706-4EC229B03D9E}.Release|Any CPU.ActiveCfg = Release|Any CPU
		{685F8B6E-698E-402F-A706-4EC229B03D9E}.Release|Any CPU.Build.0 = Release|Any CPU
		{33AA05CB-A2EE-4FA1-8BB0-6705D0F3E326}.Debug|Any CPU.ActiveCfg = Debug|Any CPU
		{33AA05CB-A2EE-4FA1-8BB0-6705D0F3E326}.Debug|Any CPU.Build.0 = Debug|Any CPU
		{33AA05CB-A2EE-4FA1-8BB0-6705D0F3E326}.Release|Any CPU.ActiveCfg = Release|Any CPU
		{33AA05CB-A2EE-4FA1-8BB0-6705D0F3E326}.Release|Any CPU.Build.0 = Release|Any CPU
	EndGlobalSection
	GlobalSection(SolutionProperties) = preSolution
		HideSolutionNode = FALSE
	EndGlobalSection
	GlobalSection(ExtensibilityGlobals) = postSolution
		SolutionGuid = {4F4B46C7-261F-4DF0-86E6-1630975242A0}
	EndGlobalSection
EndGlobal
